
Microsoft Visual Studio Solution File, Format Version 12.00
# Visual Studio Version 17
VisualStudioVersion = 17.5.33414.496
MinimumVisualStudioVersion = 10.0.40219.1
Project("{9A19103F-16F7-4668-BE54-9A1E7A4F7556}") = "AutoLot.Dal", "AutoLot.Dal\AutoLot.Dal.csproj", "{7B6B54EA-36CA-495B-A9E1-E68A2C517036}"
EndProject
Project("{FAE04EC0-301F-11D3-BF4B-00C04F79EFBC}") = "AutoLot.Client", "AutoLot.Client\AutoLot.Client.csproj", "{122CDA8D-B04B-4899-9ABE-4EEE0D61443C}"
EndProject
Global
	GlobalSection(SolutionConfigurationPlatforms) = preSolution
		Debug|Any CPU = Debug|Any CPU
		Release|Any CPU = Release|Any CPU
	EndGlobalSection
	GlobalSection(ProjectConfigurationPlatforms) = postSolution
		{7B6B54EA-36CA-495B-A9E1-E68A2C517036}.Debug|Any CPU.ActiveCfg = Debug|Any CPU
		{7B6B54EA-36CA-495B-A9E1-E68A2C517036}.Debug|Any CPU.Build.0 = Debug|Any CPU
		{7B6B54EA-36CA-495B-A9E1-E68A2C517036}.Release|Any CPU.ActiveCfg = Release|Any CPU
		{7B6B54EA-36CA-495B-A9E1-E68A2C517036}.Release|Any CPU.Build.0 = Release|Any CPU
		{122CDA8D-B04B-4899-9ABE-4EEE0D61443C}.Debug|Any CPU.ActiveCfg = Debug|Any CPU
		{122CDA8D-B04B-4899-9ABE-4EEE0D61443C}.Debug|Any CPU.Build.0 = Debug|Any CPU
		{122CDA8D-B04B-4899-9ABE-4EEE0D61443C}.Release|Any CPU.ActiveCfg = Release|Any CPU
		{122CDA8D-B04B-4899-9ABE-4EEE0D61443C}.Release|Any CPU.Build.0 = Release|Any CPU
	EndGlobalSection
	GlobalSection(SolutionProperties) = preSolution
		HideSolutionNode = FALSE
	EndGlobalSection
	GlobalSection(ExtensibilityGlobals) = postSolution
		SolutionGuid = {E50ECF8A-CC95-4629-A215-C4BBA6A950E7}
	EndGlobalSection
EndGlobal
